
Microsoft Visual Studio Solution File, Format Version 12.00
# Visual Studio Version 17
VisualStudioVersion = 17.2.32516.85
MinimumVisualStudioVersion = 10.0.40219.1
Project("{FAE04EC0-301F-11D3-BF4B-00C04F79EFBC}") = "QuanLyKhachSan", "QuanLyKhachSan\QuanLyKhachSan.csproj", "{30406D9D-E825-4AE9-B2C9-D44A09D76E5A}"
EndProject
Project("{2150E333-8FDC-42A3-9474-1A3956D46DE8}") = "Image", "Image", "{5318E02F-2F06-4A2C-BD1E-C113B6C50BAC}"
EndProject
Project("{FAE04EC0-301F-11D3-BF4B-00C04F79EFBC}") = "QuanLyKhachSan-CLient", "QuanLyKhachSan-CLient\QuanLyKhachSan-CLient.csproj", "{3DE79A48-48FC-47AB-BCEB-57EA499CD119}"
EndProject
Global
	GlobalSection(SolutionConfigurationPlatforms) = preSolution
		Debug|Any CPU = Debug|Any CPU
		Release|Any CPU = Release|Any CPU
	EndGlobalSection
	GlobalSection(ProjectConfigurationPlatforms) = postSolution
		{30406D9D-E825-4AE9-B2C9-D44A09D76E5A}.Debug|Any CPU.ActiveCfg = Debug|Any CPU
		{30406D9D-E825-4AE9-B2C9-D44A09D76E5A}.Debug|Any CPU.Build.0 = Debug|Any CPU
		{30406D9D-E825-4AE9-B2C9-D44A09D76E5A}.Release|Any CPU.ActiveCfg = Release|Any CPU
		{30406D9D-E825-4AE9-B2C9-D44A09D76E5A}.Release|Any CPU.Build.0 = Release|Any CPU
		{3DE79A48-48FC-47AB-BCEB-57EA499CD119}.Debug|Any CPU.ActiveCfg = Debug|Any CPU
		{3DE79A48-48FC-47AB-BCEB-57EA499CD119}.Debug|Any CPU.Build.0 = Debug|Any CPU
		{3DE79A48-48FC-47AB-BCEB-57EA499CD119}.Release|Any CPU.ActiveCfg = Release|Any CPU
		{3DE79A48-48FC-47AB-BCEB-57EA499CD119}.Release|Any CPU.Build.0 = Release|Any CPU
	EndGlobalSection
	GlobalSection(SolutionProperties) = preSolution
		HideSolutionNode = FALSE
	EndGlobalSection
	GlobalSection(ExtensibilityGlobals) = postSolution
		SolutionGuid = {55024E8E-C654-4D6B-B270-AF7E37E4698E}
	EndGlobalSection
EndGlobal
